
{
  "name": "forex-sentiment-tracker-beta",
  "lockfileVersion": 3,
  "requires": true,
  "packages": {
    "": {
      "dependencies": {
        "next": "14.1.0",
        "react": "18.2.0",
        "react-dom": "18.2.0",
        "typescript": "^5.4.2",
        "@types/react": "^18.2.14",
        "@types/node": "^20.11.0",
        "tailwindcss": "^3.3.2",
        "postcss": "^8.4.24",
        "autoprefixer": "^10.4.14"
      }
    }
  }
}
